
Microsoft Visual Studio Solution File, Format Version 11.00
# Visual Studio 2010
Project("{FAE04EC0-301F-11D3-BF4B-00C04F79EFBC}") = "TowerDefense_goldspike", "Assembly-CSharp.csproj", "{67CDA9F0-A383-7F8A-17B2-909F3AE4C73A}"
EndProject
Global
	GlobalSection(SolutionConfigurationPlatforms) = preSolution
		Debug|Any CPU = Debug|Any CPU
		Release|Any CPU = Release|Any CPU
	EndGlobalSection
	GlobalSection(ProjectConfigurationPlatforms) = postSolution
		{67CDA9F0-A383-7F8A-17B2-909F3AE4C73A}.Debug|Any CPU.ActiveCfg = Debug|Any CPU
		{67CDA9F0-A383-7F8A-17B2-909F3AE4C73A}.Debug|Any CPU.Build.0 = Debug|Any CPU
		{67CDA9F0-A383-7F8A-17B2-909F3AE4C73A}.Release|Any CPU.ActiveCfg = Release|Any CPU
		{67CDA9F0-A383-7F8A-17B2-909F3AE4C73A}.Release|Any CPU.Build.0 = Release|Any CPU
	EndGlobalSection
	GlobalSection(SolutionProperties) = preSolution
		HideSolutionNode = FALSE
	EndGlobalSection
	GlobalSection(MonoDevelopProperties) = preSolution
		StartupItem = Assembly-CSharp.csproj
	EndGlobalSection
EndGlobal
